
Microsoft Visual Studio Solution File, Format Version 12.00
# Visual Studio Version 17
VisualStudioVersion = 17.5.33627.172
MinimumVisualStudioVersion = 10.0.40219.1
Project("{9A19103F-16F7-4668-BE54-9A1E7A4F7556}") = "PBOC_222410103067", "PBOC222410103067\PBOC_222410103067.csproj", "{4C01FE67-518E-405A-9377-2102B3D92FC4}"
EndProject
Global
	GlobalSection(SolutionConfigurationPlatforms) = preSolution
		Debug|Any CPU = Debug|Any CPU
		Release|Any CPU = Release|Any CPU
	EndGlobalSection
	GlobalSection(ProjectConfigurationPlatforms) = postSolution
		{4C01FE67-518E-405A-9377-2102B3D92FC4}.Debug|Any CPU.ActiveCfg = Debug|Any CPU
		{4C01FE67-518E-405A-9377-2102B3D92FC4}.Debug|Any CPU.Build.0 = Debug|Any CPU
		{4C01FE67-518E-405A-9377-2102B3D92FC4}.Release|Any CPU.ActiveCfg = Release|Any CPU
		{4C01FE67-518E-405A-9377-2102B3D92FC4}.Release|Any CPU.Build.0 = Release|Any CPU
	EndGlobalSection
	GlobalSection(SolutionProperties) = preSolution
		HideSolutionNode = FALSE
	EndGlobalSection
	GlobalSection(ExtensibilityGlobals) = postSolution
		SolutionGuid = {F96EC3E3-E12A-42B9-980F-07D71C65500E}
	EndGlobalSection
EndGlobal
